
Microsoft Visual Studio Solution File, Format Version 12.00
# Visual Studio 15
VisualStudioVersion = 15.0.28307.1831
MinimumVisualStudioVersion = 10.0.40219.1
Project("{FAE04EC0-301F-11D3-BF4B-00C04F79EFBC}") = "Collection_Test_2", "Collection_Test_2\Collection_Test_2.csproj", "{0515517C-77D3-48C4-9014-3C278C1C9CB3}"
EndProject
Global
	GlobalSection(SolutionConfigurationPlatforms) = preSolution
		Debug|Any CPU = Debug|Any CPU
		Release|Any CPU = Release|Any CPU
	EndGlobalSection
	GlobalSection(ProjectConfigurationPlatforms) = postSolution
		{0515517C-77D3-48C4-9014-3C278C1C9CB3}.Debug|Any CPU.ActiveCfg = Debug|Any CPU
		{0515517C-77D3-48C4-9014-3C278C1C9CB3}.Debug|Any CPU.Build.0 = Debug|Any CPU
		{0515517C-77D3-48C4-9014-3C278C1C9CB3}.Release|Any CPU.ActiveCfg = Release|Any CPU
		{0515517C-77D3-48C4-9014-3C278C1C9CB3}.Release|Any CPU.Build.0 = Release|Any CPU
	EndGlobalSection
	GlobalSection(SolutionProperties) = preSolution
		HideSolutionNode = FALSE
	EndGlobalSection
	GlobalSection(ExtensibilityGlobals) = postSolution
		SolutionGuid = {C4CEBF0A-EF0A-41F5-9679-F57DDA33178E}
	EndGlobalSection
EndGlobal
